
Microsoft Visual Studio Solution File, Format Version 12.00
# Visual Studio Version 16
VisualStudioVersion = 16.0.30717.126
MinimumVisualStudioVersion = 10.0.40219.1
Project("{FAE04EC0-301F-11D3-BF4B-00C04F79EFBC}") = "CS322-Vezba8-BojanPetrovic2745", "CS322-Vezba8-BojanPetrovic2745\CS322-Vezba8-BojanPetrovic2745.csproj", "{CDFA34E2-D1CF-4F1C-854B-BA6C2461AA61}"
EndProject
Global
	GlobalSection(SolutionConfigurationPlatforms) = preSolution
		Debug|Any CPU = Debug|Any CPU
		Release|Any CPU = Release|Any CPU
	EndGlobalSection
	GlobalSection(ProjectConfigurationPlatforms) = postSolution
		{CDFA34E2-D1CF-4F1C-854B-BA6C2461AA61}.Debug|Any CPU.ActiveCfg = Debug|Any CPU
		{CDFA34E2-D1CF-4F1C-854B-BA6C2461AA61}.Debug|Any CPU.Build.0 = Debug|Any CPU
		{CDFA34E2-D1CF-4F1C-854B-BA6C2461AA61}.Release|Any CPU.ActiveCfg = Release|Any CPU
		{CDFA34E2-D1CF-4F1C-854B-BA6C2461AA61}.Release|Any CPU.Build.0 = Release|Any CPU
	EndGlobalSection
	GlobalSection(SolutionProperties) = preSolution
		HideSolutionNode = FALSE
	EndGlobalSection
	GlobalSection(ExtensibilityGlobals) = postSolution
		SolutionGuid = {C2715206-5CBA-4809-B289-D4A87D6AF9F9}
	EndGlobalSection
EndGlobal
